{
    "_meta": {
        "hash": {
            "sha256": "76c2d59e6ac4adc99b0acccba73e7a856e249e297a19b365994115e4d977a196"
        },
        "pipfile-spec": 6,
        "requires": {
            "python_version": "3.7"
        },
        "sources": [
            {
                "name": "pypi",
                "url": "https://pypi.python.org/simple",
                "verify_ssl": true
            }
        ]
    },
    "default": {
        "certifi": {
            "hashes": [
                "sha256:017c25db2a153ce562900032d5bc68e9f191e44e9a0f762f373977de9df1fbb3",
                "sha256:25b64c7da4cd7479594d035c08c2d809eb4aab3a26e5a990ea98cc450c320f1f"
            ],
            "version": "==2019.11.28"
        },
        "cffi": {
            "hashes": [
                "sha256:001bf3242a1bb04d985d63e138230802c6c8d4db3668fb545fb5005ddf5bb5ff",
                "sha256:00789914be39dffba161cfc5be31b55775de5ba2235fe49aa28c148236c4e06b",
                "sha256:028a579fc9aed3af38f4892bdcc7390508adabc30c6af4a6e4f611b0c680e6ac",
                "sha256:14491a910663bf9f13ddf2bc8f60562d6bc5315c1f09c704937ef17293fb85b0",
                "sha256:1cae98a7054b5c9391eb3249b86e0e99ab1e02bb0cc0575da191aedadbdf4384",
                "sha256:2089ed025da3919d2e75a4d963d008330c96751127dd6f73c8dc0c65041b4c26",
                "sha256:2d384f4a127a15ba701207f7639d94106693b6cd64173d6c8988e2c25f3ac2b6",
                "sha256:337d448e5a725bba2d8293c48d9353fc68d0e9e4088d62a9571def317797522b",
                "sha256:399aed636c7d3749bbed55bc907c3288cb43c65c4389964ad5ff849b6370603e",
                "sha256:3b911c2dbd4f423b4c4fcca138cadde747abdb20d196c4a48708b8a2d32b16dd",
                "sha256:3d311bcc4a41408cf5854f06ef2c5cab88f9fded37a3b95936c9879c1640d4c2",
                "sha256:62ae9af2d069ea2698bf536dcfe1e4eed9090211dbaafeeedf5cb6c41b352f66",
                "sha256:66e41db66b47d0d8672d8ed2708ba91b2f2524ece3dee48b5dfb36be8c2f21dc",
                "sha256:675686925a9fb403edba0114db74e741d8181683dcf216be697d208857e04ca8",
                "sha256:7e63cbcf2429a8dbfe48dcc2322d5f2220b77b2e17b7ba023d6166d84655da55",
                "sha256:8a6c688fefb4e1cd56feb6c511984a6c4f7ec7d2a1ff31a10254f3c817054ae4",
                "sha256:8c0ffc886aea5df6a1762d0019e9cb05f825d0eec1f520c51be9d198701daee5",
                "sha256:95cd16d3dee553f882540c1ffe331d085c9e629499ceadfbda4d4fde635f4b7d",
                "sha256:99f748a7e71ff382613b4e1acc0ac83bf7ad167fb3802e35e90d9763daba4d78",
                "sha256:b8c78301cefcf5fd914aad35d3c04c2b21ce8629b5e4f4e45ae6812e461910fa",
                "sha256:c420917b188a5582a56d8b93bdd8e0f6eca08c84ff623a4c16e809152cd35793",
                "sha256:c43866529f2f06fe0edc6246eb4faa34f03fe88b64a0a9a942561c8e22f4b71f",
                "sha256:cab50b8c2250b46fe738c77dbd25ce017d5e6fb35d3407606e7a4180656a5a6a",
                "sha256:cef128cb4d5e0b3493f058f10ce32365972c554572ff821e175dbc6f8ff6924f",
                "sha256:cf16e3cf6c0a5fdd9bc10c21687e19d29ad1fe863372b5543deaec1039581a30",
                "sha256:e56c744aa6ff427a607763346e4170629caf7e48ead6921745986db3692f987f",
                "sha256:e577934fc5f8779c554639376beeaa5657d54349096ef24abe8c74c5d9c117c3",
                "sha256:f2b0fa0c01d8a0c7483afd9f31d7ecf2d71760ca24499c8697aeb5ca37dc090c"
            ],
            "version": "==1.14.0"
        },
        "chardet": {
            "hashes": [
                "sha256:84ab92ed1c4d4f16916e05906b6b75a6c0fb5db821cc65e70cbd64a3e2a5eaae",
                "sha256:fc323ffcaeaed0e0a02bf4d117757b98aed530d9ed4531e3e15460124c106691"
            ],
            "version": "==3.0.4"
        },
        "idna": {
            "hashes": [
                "sha256:c357b3f628cf53ae2c4c05627ecc484553142ca23264e593d327bcde5e9c3407",
                "sha256:ea8b7f6188e6fa117537c3df7da9fc686d485087abf6ac197f9c46432f7e4a3c"
            ],
            "version": "==2.8"
        },
        "psutil": {
            "hashes": [
                "sha256:06660136ab88762309775fd47290d7da14094422d915f0466e0adf8e4b22214e",
                "sha256:0c11adde31011a286197630ba2671e34651f004cc418d30ae06d2033a43c9e20",
                "sha256:0c211eec4185725847cb6c28409646c7cfa56fdb531014b35f97b5dc7fe04ff9",
                "sha256:0fc7a5619b47f74331add476fbc6022d7ca801c22865c7069ec0867920858963",
                "sha256:3004361c6b93dbad71330d992c1ae409cb8314a6041a0b67507cc882357f583e",
                "sha256:5e8dbf31871b0072bcba8d1f2861c0ec6c84c78f13c723bb6e981bce51b58f12",
                "sha256:6d81b9714791ef9a3a00b2ca846ee547fc5e53d259e2a6258c3d2054928039ff",
                "sha256:724390895cff80add7a1c4e7e0a04d9c94f3ee61423a2dcafd83784fabbd1ee9",
                "sha256:ad21281f7bd6c57578dd53913d2d44218e9e29fd25128d10ff7819ef16fa46e7",
                "sha256:f21a7bb4b207e4e7c60b3c40ffa89d790997619f04bbecec9db8e3696122bc78",
                "sha256:f60042bef7dc50a78c06334ca8e25580455948ba2fa98f240d034a4fed9141a5"
            ],
            "index": "pypi",
            "version": "==5.6.6"
        },
        "pycparser": {
            "hashes": [
                "sha256:2d475327684562c3a96cc71adf7dc8c4f0565175cf86b6d7a404ff4c771f15f0",
                "sha256:7582ad22678f0fcd81102833f60ef8d0e57288b6b5fb00323d101be910e35705"
            ],
            "version": "==2.20"
        },
        "requests": {
            "hashes": [
                "sha256:11e007a8a2aa0323f5a921e9e6a2d7e4e67d9877e85773fba9ba6419025cbeb4",
                "sha256:9cf5292fcd0f598c671cfc1e0d7d1a7f13bb8085e9a590f48c010551dc6c4b31"
            ],
            "index": "pypi",
            "version": "==2.22.0"
        },
        "secp256k1": {
            "hashes": [
                "sha256:29521dda0f3ad51afc26141d9a564b40bb39e84d27046164c502774b22ea2f9c",
                "sha256:2ad20bb8553425be795ecaf6641a510470701fa6a7aa9c54395d3989c070ab4c",
                "sha256:5cded8e5d241dd92f6e55fd7462ff74e4edcbe97850b7bf4378cc56e48e446d7",
                "sha256:a3b43e02d321c09eafa769a6fc2c156f555cab3a7db62175ef2fd21e16cdf20c",
                "sha256:a598f2223ed3bf55bb7e317c5ebd1a316b3b4d65db26de32554bb84adf026eae",
                "sha256:a755c85947b70c69cf318412bfd12889863e70ddf76b588701835a4da5322d55",
                "sha256:df29091e6ac74bb0683a44d57411bd59c6c99d04d79ef4e396e4a67d91f6bd65",
                "sha256:e86eab58d0c2e93c08483c8a8546fe54ade8150ff4a1f320417d647635cb133b",
                "sha256:e9842fdc3b24c3174f49794d93b10b2013aa7b5d7029d12989458482c95ee56a"
            ],
            "index": "pypi",
            "version": "==0.13.2"
        },
        "urllib3": {
            "hashes": [
                "sha256:2f3db8b19923a873b3e5256dc9c2dedfa883e33d87c690d9c7913e1f40673cdc",
                "sha256:87716c2d2a7121198ebcb7ce7cccf6ce5e9ba539041cfbaeecfb641dc0bf6acc"
            ],
            "version": "==1.25.8"
        }
    },
    "develop": {}
}
